// !$*UTF8*$!
{
	archiveVersion = 1;
	classes = {
	};
	objectVersion = 50;
	objects = {

/* Begin PBXBuildFile section */
		51C24FC9E2FA1CBD7CD39915 /* Pods_DemoFoody.framework in Frameworks */ = {isa = PBXBuildFile; fileRef = 0AFA6C2F7046F26645E108D6 /* Pods_DemoFoody.framework */; };
		8BAAB89520FDA687007A4FED /* AppDelegate.swift in Sources */ = {isa = PBXBuildFile; fileRef = 8BAAB89420FDA687007A4FED /* AppDelegate.swift */; };
		8BAAB89720FDA687007A4FED /* ViewController.swift in Sources */ = {isa = PBXBuildFile; fileRef = 8BAAB89620FDA687007A4FED /* ViewController.swift */; };
		8BAAB89A20FDA687007A4FED /* Main.storyboard in Resources */ = {isa = PBXBuildFile; fileRef = 8BAAB89820FDA687007A4FED /* Main.storyboard */; };
		8BAAB89C20FDA688007A4FED /* Assets.xcassets in Resources */ = {isa = PBXBuildFile; fileRef = 8BAAB89B20FDA688007A4FED /* Assets.xcassets */; };
		8BAAB89F20FDA688007A4FED /* LaunchScreen.storyboard in Resources */ = {isa = PBXBuildFile; fileRef = 8BAAB89D20FDA688007A4FED /* LaunchScreen.storyboard */; };
		8BAAB8A720FDA7EF007A4FED /* GoogleService-Info.plist in Resources */ = {isa = PBXBuildFile; fileRef = 8BAAB8A620FDA7EF007A4FED /* GoogleService-Info.plist */; };
		8BAC3C4820FDCFC900F43FC9 /* Message.swift in Sources */ = {isa = PBXBuildFile; fileRef = 8BAC3C4720FDCFC900F43FC9 /* Message.swift */; };
		8BAC3C4B20FDD3A600F43FC9 /* User.swift in Sources */ = {isa = PBXBuildFile; fileRef = 8BAC3C4A20FDD3A600F43FC9 /* User.swift */; };
		8BAC3C4E20FDD5B600F43FC9 /* SignUpViewController.swift in Sources */ = {isa = PBXBuildFile; fileRef = 8BAC3C4D20FDD5B600F43FC9 /* SignUpViewController.swift */; };
		8BAC3C5020FDE13E00F43FC9 /* LoginViewController.swift in Sources */ = {isa = PBXBuildFile; fileRef = 8BAC3C4F20FDE13E00F43FC9 /* LoginViewController.swift */; };
		8BAC3C5220FDF73600F43FC9 /* LogOutViewController.swift in Sources */ = {isa = PBXBuildFile; fileRef = 8BAC3C5120FDF73600F43FC9 /* LogOutViewController.swift */; };
		8BE5484520FDC1BC00E9325A /* TableViewController.swift in Sources */ = {isa = PBXBuildFile; fileRef = 8BE5484420FDC1BC00E9325A /* TableViewController.swift */; };
/* End PBXBuildFile section */

/* Begin PBXFileReference section */
		003A0D9D4FCBBF9E2F8E1EBF /* Pods-DemoFoody.debug.xcconfig */ = {isa = PBXFileReference; includeInIndex = 1; lastKnownFileType = text.xcconfig; name = "Pods-DemoFoody.debug.xcconfig"; path = "Pods/Target Support Files/Pods-DemoFoody/Pods-DemoFoody.debug.xcconfig"; sourceTree = "<group>"; };
		0AFA6C2F7046F26645E108D6 /* Pods_DemoFoody.framework */ = {isa = PBXFileReference; explicitFileType = wrapper.framework; includeInIndex = 0; path = Pods_DemoFoody.framework; sourceTree = BUILT_PRODUCTS_DIR; };
		1EF43F7DD04A0DC48CB01803 /* Pods-DemoFoody.release.xcconfig */ = {isa = PBXFileReference; includeInIndex = 1; lastKnownFileType = text.xcconfig; name = "Pods-DemoFoody.release.xcconfig"; path = "Pods/Target Support Files/Pods-DemoFoody/Pods-DemoFoody.release.xcconfig"; sourceTree = "<group>"; };
		8BAAB89120FDA687007A4FED /* DemoFoody.app */ = {isa = PBXFileReference; explicitFileType = wrapper.application; includeInIndex = 0; path = DemoFoody.app; sourceTree = BUILT_PRODUCTS_DIR; };
		8BAAB89420FDA687007A4FED /* AppDelegate.swift */ = {isa = PBXFileReference; lastKnownFileType = sourcecode.swift; path = AppDelegate.swift; sourceTree = "<group>"; };
		8BAAB89620FDA687007A4FED /* ViewController.swift */ = {isa = PBXFileReference; lastKnownFileType = sourcecode.swift; path = ViewController.swift; sourceTree = "<group>"; };
		8BAAB89920FDA687007A4FED /* Base */ = {isa = PBXFileReference; lastKnownFileType = file.storyboard; name = Base; path = Base.lproj/Main.storyboard; sourceTree = "<group>"; };
		8BAAB89B20FDA688007A4FED /* Assets.xcassets */ = {isa = PBXFileReference; lastKnownFileType = folder.assetcatalog; path = Assets.xcassets; sourceTree = "<group>"; };
		8BAAB89E20FDA688007A4FED /* Base */ = {isa = PBXFileReference; lastKnownFileType = file.storyboard; name = Base; path = Base.lproj/LaunchScreen.storyboard; sourceTree = "<group>"; };
		8BAAB8A020FDA688007A4FED /* Info.plist */ = {isa = PBXFileReference; lastKnownFileType = text.plist.xml; path = Info.plist; sourceTree = "<group>"; };
		8BAAB8A620FDA7EF007A4FED /* GoogleService-Info.plist */ = {isa = PBXFileReference; fileEncoding = 4; lastKnownFileType = text.plist.xml; path = "GoogleService-Info.plist"; sourceTree = "<group>"; };
		8BAC3C4720FDCFC900F43FC9 /* Message.swift */ = {isa = PBXFileReference; lastKnownFileType = sourcecode.swift; path = Message.swift; sourceTree = "<group>"; };
		8BAC3C4A20FDD3A600F43FC9 /* User.swift */ = {isa = PBXFileReference; lastKnownFileType = sourcecode.swift; path = User.swift; sourceTree = "<group>"; };
		8BAC3C4D20FDD5B600F43FC9 /* SignUpViewController.swift */ = {isa = PBXFileReference; lastKnownFileType = sourcecode.swift; path = SignUpViewController.swift; sourceTree = "<group>"; };
		8BAC3C4F20FDE13E00F43FC9 /* LoginViewController.swift */ = {isa = PBXFileReference; lastKnownFileType = sourcecode.swift; path = LoginViewController.swift; sourceTree = "<group>"; };
		8BAC3C5120FDF73600F43FC9 /* LogOutViewController.swift */ = {isa = PBXFileReference; lastKnownFileType = sourcecode.swift; path = LogOutViewController.swift; sourceTree = "<group>"; };
		8BE5484420FDC1BC00E9325A /* TableViewController.swift */ = {isa = PBXFileReference; lastKnownFileType = sourcecode.swift; path = TableViewController.swift; sourceTree = "<group>"; };
/* End PBXFileReference section */

/* Begin PBXFrameworksBuildPhase section */
		8BAAB88E20FDA687007A4FED /* Frameworks */ = {
			isa = PBXFrameworksBuildPhase;
			buildActionMask = 2147483647;
			files = (
				51C24FC9E2FA1CBD7CD39915 /* Pods_DemoFoody.framework in Frameworks */,
			);
			runOnlyForDeploymentPostprocessing = 0;
		};
/* End PBXFrameworksBuildPhase section */

/* Begin PBXGroup section */
		36F702D7159590897A610EF1 /* Pods */ = {
			isa = PBXGroup;
			children = (
				003A0D9D4FCBBF9E2F8E1EBF /* Pods-DemoFoody.debug.xcconfig */,
				1EF43F7DD04A0DC48CB01803 /* Pods-DemoFoody.release.xcconfig */,
			);
			name = Pods;
			sourceTree = "<group>";
		};
		8BAAB88820FDA687007A4FED = {
			isa = PBXGroup;
			children = (
				8BAAB89320FDA687007A4FED /* DemoFoody */,
				8BAAB89220FDA687007A4FED /* Products */,
				36F702D7159590897A610EF1 /* Pods */,
				ADE110E797DE7056E5E028AE /* Frameworks */,
			);
			sourceTree = "<group>";
		};
		8BAAB89220FDA687007A4FED /* Products */ = {
			isa = PBXGroup;
			children = (
				8BAAB89120FDA687007A4FED /* DemoFoody.app */,
			);
			name = Products;
			sourceTree = "<group>";
		};
		8BAAB89320FDA687007A4FED /* DemoFoody */ = {
			isa = PBXGroup;
			children = (
				8BAC3C4C20FDD59C00F43FC9 /* Controller */,
				8BAC3C4920FDD1FF00F43FC9 /* Model */,
				8BAAB8A620FDA7EF007A4FED /* GoogleService-Info.plist */,
				8BAAB89420FDA687007A4FED /* AppDelegate.swift */,
				8BAAB89820FDA687007A4FED /* Main.storyboard */,
				8BAAB89B20FDA688007A4FED /* Assets.xcassets */,
				8BAAB89D20FDA688007A4FED /* LaunchScreen.storyboard */,
				8BAAB8A020FDA688007A4FED /* Info.plist */,
			);
			path = DemoFoody;
			sourceTree = "<group>";
		};
		8BAC3C4920FDD1FF00F43FC9 /* Model */ = {
			isa = PBXGroup;
			children = (
				8BAC3C4720FDCFC900F43FC9 /* Message.swift */,
				8BAC3C4A20FDD3A600F43FC9 /* User.swift */,
			);
			path = Model;
			sourceTree = "<group>";
		};
		8BAC3C4C20FDD59C00F43FC9 /* Controller */ = {
			isa = PBXGroup;
			children = (
				8BAAB89620FDA687007A4FED /* ViewController.swift */,
				8BE5484420FDC1BC00E9325A /* TableViewController.swift */,
				8BAC3C4D20FDD5B600F43FC9 /* SignUpViewController.swift */,
				8BAC3C4F20FDE13E00F43FC9 /* LoginViewController.swift */,
				8BAC3C5120FDF73600F43FC9 /* LogOutViewController.swift */,
			);
			path = Controller;
			sourceTree = "<group>";
		};
		ADE110E797DE7056E5E028AE /* Frameworks */ = {
			isa = PBXGroup;
			children = (
				0AFA6C2F7046F26645E108D6 /* Pods_DemoFoody.framework */,
			);
			name = Frameworks;
			sourceTree = "<group>";
		};
/* End PBXGroup section */

/* Begin PBXNativeTarget section */
		8BAAB89020FDA687007A4FED /* DemoFoody */ = {
			isa = PBXNativeTarget;
			buildConfigurationList = 8BAAB8A320FDA688007A4FED /* Build configuration list for PBXNativeTarget "DemoFoody" */;
			buildPhases = (
				630EFCFEE299AF8734147654 /* [CP] Check Pods Manifest.lock */,
				8BAAB88D20FDA687007A4FED /* Sources */,
				8BAAB88E20FDA687007A4FED /* Frameworks */,
				8BAAB88F20FDA687007A4FED /* Resources */,
				C0254DB972C1BC49EB1F7F8D /* [CP] Embed Pods Frameworks */,
			);
			buildRules = (
			);
			dependencies = (
			);
			name = DemoFoody;
			productName = DemoFoody;
			productReference = 8BAAB89120FDA687007A4FED /* DemoFoody.app */;
			productType = "com.apple.product-type.application";
		};
/* End PBXNativeTarget section */

/* Begin PBXProject section */
		8BAAB88920FDA687007A4FED /* Project object */ = {
			isa = PBXProject;
			attributes = {
				LastSwiftUpdateCheck = 0940;
				LastUpgradeCheck = 0940;
				ORGANIZATIONNAME = Developer;
				TargetAttributes = {
					8BAAB89020FDA687007A4FED = {
						CreatedOnToolsVersion = 9.4.1;
					};
				};
			};
			buildConfigurationList = 8BAAB88C20FDA687007A4FED /* Build configuration list for PBXProject "DemoFoody" */;
			compatibilityVersion = "Xcode 9.3";
			developmentRegion = en;
			hasScannedForEncodings = 0;
			knownRegions = (
				en,
				Base,
			);
			mainGroup = 8BAAB88820FDA687007A4FED;
			productRefGroup = 8BAAB89220FDA687007A4FED /* Products */;
			projectDirPath = "";
			projectRoot = "";
			targets = (
				8BAAB89020FDA687007A4FED /* DemoFoody */,
			);
		};
/* End PBXProject section */

/* Begin PBXResourcesBuildPhase section */
		8BAAB88F20FDA687007A4FED /* Resources */ = {
			isa = PBXResourcesBuildPhase;
			buildActionMask = 2147483647;
			files = (
				8BAAB89F20FDA688007A4FED /* LaunchScreen.storyboard in Resources */,
				8BAAB8A720FDA7EF007A4FED /* GoogleService-Info.plist in Resources */,
				8BAAB89C20FDA688007A4FED /* Assets.xcassets in Resources */,
				8BAAB89A20FDA687007A4FED /* Main.storyboard in Resources */,
			);
			runOnlyForDeploymentPostprocessing = 0;
		};
/* End PBXResourcesBuildPhase section */

/* Begin PBXShellScriptBuildPhase section */
		630EFCFEE299AF8734147654 /* [CP] Check Pods Manifest.lock */ = {
			isa = PBXShellScriptBuildPhase;
			buildActionMask = 2147483647;
			files = (
			);
			inputPaths = (
				"${PODS_PODFILE_DIR_PATH}/Podfile.lock",
				"${PODS_ROOT}/Manifest.lock",
			);
			name = "[CP] Check Pods Manifest.lock";
			outputPaths = (
				"$(DERIVED_FILE_DIR)/Pods-DemoFoody-checkManifestLockResult.txt",
			);
			runOnlyForDeploymentPostprocessing = 0;
			shellPath = /bin/sh;
			shellScript = "diff \"${PODS_PODFILE_DIR_PATH}/Podfile.lock\" \"${PODS_ROOT}/Manifest.lock\" > /dev/null\nif [ $? != 0 ] ; then\n    # print error to STDERR\n    echo \"error: The sandbox is not in sync with the Podfile.lock. Run 'pod install' or update your CocoaPods installation.\" >&2\n    exit 1\nfi\n# This output is used by Xcode 'outputs' to avoid re-running this script phase.\necho \"SUCCESS\" > \"${SCRIPT_OUTPUT_FILE_0}\"\n";
			showEnvVarsInLog = 0;
		};
		C0254DB972C1BC49EB1F7F8D /* [CP] Embed Pods Frameworks */ = {
			isa = PBXShellScriptBuildPhase;
			buildActionMask = 2147483647;
			files = (
			);
			inputPaths = (
				"${SRCROOT}/Pods/Target Support Files/Pods-DemoFoody/Pods-DemoFoody-frameworks.sh",
				"${BUILT_PRODUCTS_DIR}/GTMSessionFetcher/GTMSessionFetcher.framework",
				"${BUILT_PRODUCTS_DIR}/GoogleToolboxForMac/GoogleToolboxForMac.framework",
				"${BUILT_PRODUCTS_DIR}/leveldb-library/leveldb.framework",
				"${BUILT_PRODUCTS_DIR}/nanopb/nanopb.framework",
			);
			name = "[CP] Embed Pods Frameworks";
			outputPaths = (
				"${TARGET_BUILD_DIR}/${FRAMEWORKS_FOLDER_PATH}/GTMSessionFetcher.framework",
				"${TARGET_BUILD_DIR}/${FRAMEWORKS_FOLDER_PATH}/GoogleToolboxForMac.framework",
				"${TARGET_BUILD_DIR}/${FRAMEWORKS_FOLDER_PATH}/leveldb.framework",
				"${TARGET_BUILD_DIR}/${FRAMEWORKS_FOLDER_PATH}/nanopb.framework",
			);
			runOnlyForDeploymentPostprocessing = 0;
			shellPath = /bin/sh;
			shellScript = "\"${SRCROOT}/Pods/Target Support Files/Pods-DemoFoody/Pods-DemoFoody-frameworks.sh\"\n";
			showEnvVarsInLog = 0;
		};
/* End PBXShellScriptBuildPhase section */

/* Begin PBXSourcesBuildPhase section */
		8BAAB88D20FDA687007A4FED /* Sources */ = {
			isa = PBXSourcesBuildPhase;
			buildActionMask = 2147483647;
			files = (
				8BAC3C5020FDE13E00F43FC9 /* LoginViewController.swift in Sources */,
				8BAC3C4E20FDD5B600F43FC9 /* SignUpViewController.swift in Sources */,
				8BAAB89720FDA687007A4FED /* ViewController.swift in Sources */,
				8BAC3C4820FDCFC900F43FC9 /* Message.swift in Sources */,
				8BE5484520FDC1BC00E9325A /* TableViewController.swift in Sources */,
				8BAC3C4B20FDD3A600F43FC9 /* User.swift in Sources */,
				8BAC3C5220FDF73600F43FC9 /* LogOutViewController.swift in Sources */,
				8BAAB89520FDA687007A4FED /* AppDelegate.swift in Sources */,
			);
			runOnlyForDeploymentPostprocessing = 0;
		};
/* End PBXSourcesBuildPhase section */

/* Begin PBXVariantGroup section */
		8BAAB89820FDA687007A4FED /* Main.storyboard */ = {
			isa = PBXVariantGroup;
			children = (
				8BAAB89920FDA687007A4FED /* Base */,
			);
			name = Main.storyboard;
			sourceTree = "<group>";
		};
		8BAAB89D20FDA688007A4FED /* LaunchScreen.storyboard */ = {
			isa = PBXVariantGroup;
			children = (
				8BAAB89E20FDA688007A4FED /* Base */,
			);
			name = LaunchScreen.storyboard;
			sourceTree = "<group>";
		};
/* End PBXVariantGroup section */

/* Begin XCBuildConfiguration section */
		8BAAB8A120FDA688007A4FED /* Debug */ = {
			isa = XCBuildConfiguration;
			buildSettings = {
				ALWAYS_SEARCH_USER_PATHS = NO;
				CLANG_ANALYZER_NONNULL = YES;
				CLANG_ANALYZER_NUMBER_OBJECT_CONVERSION = YES_AGGRESSIVE;
				CLANG_CXX_LANGUAGE_STANDARD = "gnu++14";
				CLANG_CXX_LIBRARY = "libc++";
				CLANG_ENABLE_MODULES = YES;
				CLANG_ENABLE_OBJC_ARC = YES;
				CLANG_ENABLE_OBJC_WEAK = YES;
				CLANG_WARN_BLOCK_CAPTURE_AUTORELEASING = YES;
				CLANG_WARN_BOOL_CONVERSION = YES;
				CLANG_WARN_COMMA = YES;
				CLANG_WARN_CONSTANT_CONVERSION = YES;
				CLANG_WARN_DEPRECATED_OBJC_IMPLEMENTATIONS = YES;
				CLANG_WARN_DIRECT_OBJC_ISA_USAGE = YES_ERROR;
				CLANG_WARN_DOCUMENTATION_COMMENTS = YES;
				CLANG_WARN_EMPTY_BODY = YES;
				CLANG_WARN_ENUM_CONVERSION = YES;
				CLANG_WARN_INFINITE_RECURSION = YES;
				CLANG_WARN_INT_CONVERSION = YES;
				CLANG_WARN_NON_LITERAL_NULL_CONVERSION = YES;
				CLANG_WARN_OBJC_IMPLICIT_RETAIN_SELF = YES;
				CLANG_WARN_OBJC_LITERAL_CONVERSION = YES;
				CLANG_WARN_OBJC_ROOT_CLASS = YES_ERROR;
				CLANG_WARN_RANGE_LOOP_ANALYSIS = YES;
				CLANG_WARN_STRICT_PROTOTYPES = YES;
				CLANG_WARN_SUSPICIOUS_MOVE = YES;
				CLANG_WARN_UNGUARDED_AVAILABILITY = YES_AGGRESSIVE;
				CLANG_WARN_UNREACHABLE_CODE = YES;
				CLANG_WARN__DUPLICATE_METHOD_MATCH = YES;
				CODE_SIGN_IDENTITY = "iPhone Developer";
				COPY_PHASE_STRIP = NO;
				DEBUG_INFORMATION_FORMAT = dwarf;
				ENABLE_STRICT_OBJC_MSGSEND = YES;
				ENABLE_TESTABILITY = YES;
				GCC_C_LANGUAGE_STANDARD = gnu11;
				GCC_DYNAMIC_NO_PIC = NO;
				GCC_NO_COMMON_BLOCKS = YES;
				GCC_OPTIMIZATION_LEVEL = 0;
				GCC_PREPROCESSOR_DEFINITIONS = (
					"DEBUG=1",
					"$(inherited)",
				);
				GCC_WARN_64_TO_32_BIT_CONVERSION = YES;
				GCC_WARN_ABOUT_RETURN_TYPE = YES_ERROR;
				GCC_WARN_UNDECLARED_SELECTOR = YES;
				GCC_WARN_UNINITIALIZED_AUTOS = YES_AGGRESSIVE;
				GCC_WARN_UNUSED_FUNCTION = YES;
				GCC_WARN_UNUSED_VARIABLE = YES;
				IPHONEOS_DEPLOYMENT_TARGET = 11.4;
				MTL_ENABLE_DEBUG_INFO = YES;
				ONLY_ACTIVE_ARCH = YES;
				SDKROOT = iphoneos;
				SWIFT_ACTIVE_COMPILATION_CONDITIONS = DEBUG;
				SWIFT_OPTIMIZATION_LEVEL = "-Onone";
			};
			name = Debug;
		};
		8BAAB8A220FDA688007A4FED /* Release */ = {
			isa = XCBuildConfiguration;
			buildSettings = {
				ALWAYS_SEARCH_USER_PATHS = NO;
				CLANG_ANALYZER_NONNULL = YES;
				CLANG_ANALYZER_NUMBER_OBJECT_CONVERSION = YES_AGGRESSIVE;
				CLANG_CXX_LANGUAGE_STANDARD = "gnu++14";
				CLANG_CXX_LIBRARY = "libc++";
				CLANG_ENABLE_MODULES = YES;
				CLANG_ENABLE_OBJC_ARC = YES;
				CLANG_ENABLE_OBJC_WEAK = YES;
				CLANG_WARN_BLOCK_CAPTURE_AUTORELEASING = YES;
				CLANG_WARN_BOOL_CONVERSION = YES;
				CLANG_WARN_COMMA = YES;
				CLANG_WARN_CONSTANT_CONVERSION = YES;
				CLANG_WARN_DEPRECATED_OBJC_IMPLEMENTATIONS = YES;
				CLANG_WARN_DIRECT_OBJC_ISA_USAGE = YES_ERROR;
				CLANG_WARN_DOCUMENTATION_COMMENTS = YES;
				CLANG_WARN_EMPTY_BODY = YES;
				CLANG_WARN_ENUM_CONVERSION = YES;
				CLANG_WARN_INFINITE_RECURSION = YES;
				CLANG_WARN_INT_CONVERSION = YES;
				CLANG_WARN_NON_LITERAL_NULL_CONVERSION = YES;
				CLANG_WARN_OBJC_IMPLICIT_RETAIN_SELF = YES;
				CLANG_WARN_OBJC_LITERAL_CONVERSION = YES;
				CLANG_WARN_OBJC_ROOT_CLASS = YES_ERROR;
				CLANG_WARN_RANGE_LOOP_ANALYSIS = YES;
				CLANG_WARN_STRICT_PROTOTYPES = YES;
				CLANG_WARN_SUSPICIOUS_MOVE = YES;
				CLANG_WARN_UNGUARDED_AVAILABILITY = YES_AGGRESSIVE;
				CLANG_WARN_UNREACHABLE_CODE = YES;
				CLANG_WARN__DUPLICATE_METHOD_MATCH = YES;
				CODE_SIGN_IDENTITY = "iPhone Developer";
				COPY_PHASE_STRIP = NO;
				DEBUG_INFORMATION_FORMAT = "dwarf-with-dsym";
				ENABLE_NS_ASSERTIONS = NO;
				ENABLE_STRICT_OBJC_MSGSEND = YES;
				GCC_C_LANGUAGE_STANDARD = gnu11;
				GCC_NO_COMMON_BLOCKS = YES;
				GCC_WARN_64_TO_32_BIT_CONVERSION = YES;
				GCC_WARN_ABOUT_RETURN_TYPE = YES_ERROR;
				GCC_WARN_UNDECLARED_SELECTOR = YES;
				GCC_WARN_UNINITIALIZED_AUTOS = YES_AGGRESSIVE;
				GCC_WARN_UNUSED_FUNCTION = YES;
				GCC_WARN_UNUSED_VARIABLE = YES;
				IPHONEOS_DEPLOYMENT_TARGET = 11.4;
				MTL_ENABLE_DEBUG_INFO = NO;
				SDKROOT = iphoneos;
				SWIFT_COMPILATION_MODE = wholemodule;
				SWIFT_OPTIMIZATION_LEVEL = "-O";
				VALIDATE_PRODUCT = YES;
			};
			name = Release;
		};
		8BAAB8A420FDA688007A4FED /* Debug */ = {
			isa = XCBuildConfiguration;
			baseConfigurationReference = 003A0D9D4FCBBF9E2F8E1EBF /* Pods-DemoFoody.debug.xcconfig */;
			buildSettings = {
				ASSETCATALOG_COMPILER_APPICON_NAME = AppIcon;
				CODE_SIGN_STYLE = Automatic;
				DEVELOPMENT_TEAM = YKV47X6L73;
				INFOPLIST_FILE = DemoFoody/Info.plist;
				LD_RUNPATH_SEARCH_PATHS = (
					"$(inherited)",
					"@executable_path/Frameworks",
				);
				PRODUCT_BUNDLE_IDENTIFIER = hoangAnh.DemoFoody;
				PRODUCT_NAME = "$(TARGET_NAME)";
				SWIFT_VERSION = 4.0;
				TARGETED_DEVICE_FAMILY = "1,2";
			};
			name = Debug;
		};
		8BAAB8A520FDA688007A4FED /* Release */ = {
			isa = XCBuildConfiguration;
			baseConfigurationReference = 1EF43F7DD04A0DC48CB01803 /* Pods-DemoFoody.release.xcconfig */;
			buildSettings = {
				ASSETCATALOG_COMPILER_APPICON_NAME = AppIcon;
				CODE_SIGN_STYLE = Automatic;
				DEVELOPMENT_TEAM = YKV47X6L73;
				INFOPLIST_FILE = DemoFoody/Info.plist;
				LD_RUNPATH_SEARCH_PATHS = (
					"$(inherited)",
					"@executable_path/Frameworks",
				);
				PRODUCT_BUNDLE_IDENTIFIER = hoangAnh.DemoFoody;
				PRODUCT_NAME = "$(TARGET_NAME)";
				SWIFT_VERSION = 4.0;
				TARGETED_DEVICE_FAMILY = "1,2";
			};
			name = Release;
		};
/* End XCBuildConfiguration section */

/* Begin XCConfigurationList section */
		8BAAB88C20FDA687007A4FED /* Build configuration list for PBXProject "DemoFoody" */ = {
			isa = XCConfigurationList;
			buildConfigurations = (
				8BAAB8A120FDA688007A4FED /* Debug */,
				8BAAB8A220FDA688007A4FED /* Release */,
			);
			defaultConfigurationIsVisible = 0;
			defaultConfigurationName = Release;
		};
		8BAAB8A320FDA688007A4FED /* Build configuration list for PBXNativeTarget "DemoFoody" */ = {
			isa = XCConfigurationList;
			buildConfigurations = (
				8BAAB8A420FDA688007A4FED /* Debug */,
				8BAAB8A520FDA688007A4FED /* Release */,
			);
			defaultConfigurationIsVisible = 0;
			defaultConfigurationName = Release;
		};
/* End XCConfigurationList section */
	};
	rootObject = 8BAAB88920FDA687007A4FED /* Project object */;
}
